{
    "_meta": {
        "hash": {
            "sha256": "2e1996a13d99c6cec8bb11c418dea5afe8f1eecf9a90e61450055e84d16d8602"
        },
        "pipfile-spec": 6,
        "requires": {},
        "sources": [
            {
                "name": "piwheels",
                "url": "https://www.piwheels.org/simple",
                "verify_ssl": true
            },
            {
                "name": "pypi",
                "url": "https://pypi.org/simple",
                "verify_ssl": true
            }
        ]
    },
    "default": {
        "amqp": {
            "hashes": [
                "sha256:043beb485774ca69718a35602089e524f87168268f0d1ae115f28b88d27f92d7",
                "sha256:35a3b5006ca00b21aaeec8ceea07130f07b902dd61bfe42815039835f962f5f1"
            ],
            "version": "==2.4.2"
        },
        "billiard": {
            "hashes": [
                "sha256:5babe0c15ed496446698ba56dc145d5486c3f99aa09cb061f4b7b09721eb9fc4",
                "sha256:756bf323f250db8bf88462cd042c992ba60d8f5e07fc5636c24ba7d6f4261d84"
            ],
            "version": "==3.6.0.0"
        },
        "celery": {
            "hashes": [
                "sha256:4c4532aa683f170f40bd76f928b70bc06ff171a959e06e71bf35f2f9d6031ef9",
                "sha256:528e56767ae7e43a16cfef24ee1062491f5754368d38fcfffa861cdb9ef219be"
            ],
            "index": "piwheels",
            "version": "==4.3.0"
        },
        "certifi": {
            "hashes": [
                "sha256:59b7658e26ca9c7339e00f8f4636cdfe59d34fa37b9b04f6f9e9926b3cece1a5",
                "sha256:b26104d6835d1f5e49452a26eb2ff87fe7090b89dfcaee5ea2212697e1e1d7ae"
            ],
            "version": "==2019.3.9"
        },
        "chardet": {
            "hashes": [
                "sha256:84ab92ed1c4d4f16916e05906b6b75a6c0fb5db821cc65e70cbd64a3e2a5eaae",
                "sha256:fc323ffcaeaed0e0a02bf4d117757b98aed530d9ed4531e3e15460124c106691"
            ],
            "version": "==3.0.4"
        },
        "coreapi": {
            "hashes": [
                "sha256:46145fcc1f7017c076a2ef684969b641d18a2991051fddec9458ad3f78ffc1cb",
                "sha256:bf39d118d6d3e171f10df9ede5666f63ad80bba9a29a8ec17726a66cf52ee6f3"
            ],
            "version": "==2.3.3"
        },
        "coreschema": {
            "hashes": [
                "sha256:10a872e09767666055bfa758755f81bc113123b750491b104d9e28c3e1abc7b1",
                "sha256:5e6ef7bf38c1525d5e55a895934ab4273548629f16aed5c0a6caa74ebf45551f",
                "sha256:9503506007d482ab0867ba14724b93c18a33b22b6d19fb419ef2d239dd4a1607"
            ],
            "version": "==0.0.4"
        },
        "django": {
            "hashes": [
                "sha256:6fcc3cbd55b16f9a01f37de8bcbe286e0ea22e87096557f1511051780338eaea",
                "sha256:bb407d0bb46395ca1241f829f5bd03f7e482f97f7d1936e26e98dacb201ed4ec"
            ],
            "index": "piwheels",
            "version": "==2.2.1"
        },
        "django-celery-results": {
            "hashes": [
                "sha256:80292a68c8b705c788ff0bca9cacc5a431a4de39d7ff49e2ca8277b700d3d616",
                "sha256:89ae9e32076efc65bcba31bc729870da9b230c63af22b673b79170c4a98039b1"
            ],
            "index": "piwheels",
            "version": "==1.0.4"
        },
        "django-cors-headers": {
            "hashes": [
                "sha256:0ac81a9a70ba9bf5569f19693f1ce566e46cabc710cdaa053409415c690033bb",
                "sha256:b57087e45e4418a6147b8a27ca9d19da2c16b3e4732b2372fe2d9774fc7c5bca"
            ],
            "index": "piwheels",
            "version": "==3.0.1"
        },
        "djangorestframework": {
            "hashes": [
                "sha256:376f4b50340a46c15ae15ddd0c853085f4e66058f97e4dbe7d43ed62f5e60651",
                "sha256:c12869cfd83c33d579b17b3cb28a2ae7322a53c3ce85580c2a2ebe4e3f56c4fb"
            ],
            "index": "piwheels",
            "version": "==3.9.4"
        },
        "drf-yasg": {
            "hashes": [
                "sha256:2c03c569cd1f1711e30efe3a1a56998cf61aa224cb2991e9fdac22aa47fd41e5",
                "sha256:dfb96eb36b259c2e0da67515319a25e49f6bdd3a275412f34221cc5236d2b62a"
            ],
            "index": "piwheels",
            "version": "==1.15.0"
        },
        "gunicorn": {
            "hashes": [
                "sha256:aa8e0b40b4157b36a5df5e599f45c9c76d6af43845ba3b3b0efe2c70473c2471",
                "sha256:fa2662097c66f920f53f70621c6c58ca4a3c4d3434205e608e121b5b3b71f4f3"
            ],
            "index": "piwheels",
            "version": "==19.9.0"
        },
        "idna": {
            "hashes": [
                "sha256:c357b3f628cf53ae2c4c05627ecc484553142ca23264e593d327bcde5e9c3407",
                "sha256:ea8b7f6188e6fa117537c3df7da9fc686d485087abf6ac197f9c46432f7e4a3c"
            ],
            "version": "==2.8"
        },
        "imageio": {
            "hashes": [
                "sha256:1a2bbbb7cd38161340fa3b14d806dfbf914abf3ee6fd4592af2afb87d049f209",
                "sha256:42e65aadfc3d57a1043615c92bdf6319b67589e49a0aae2b985b82144aceacad"
            ],
            "index": "piwheels",
            "version": "==2.5.0"
        },
        "inflection": {
            "hashes": [
                "sha256:18ea7fb7a7d152853386523def08736aa8c32636b047ade55f7578c4edeb16ca",
                "sha256:f4f38c8df36425be130e1ffcbee1a25f425ed378bcd598e4a8e4302d59dc8590"
            ],
            "version": "==0.3.1"
        },
        "itypes": {
            "hashes": [
                "sha256:a29f85e8cef4463fda0352c4bfabf5d5ce469b4e1797e6ae43ed0c06560d326c",
                "sha256:c6e77bb9fd68a4bfeb9d958fea421802282451a25bac4913ec94db82a899c073"
            ],
            "version": "==1.1.0"
        },
        "jinja2": {
            "hashes": [
                "sha256:065c4f02ebe7f7cf559e49ee5a95fb800a9e4528727aec6f24402a5374c65013",
                "sha256:14dd6caf1527abb21f08f86c784eac40853ba93edb79552aa1e4b8aef1b61c7b"
            ],
            "version": "==2.10.1"
        },
        "kombu": {
            "hashes": [
                "sha256:389ba09e03b15b55b1a7371a441c894fd8121d174f5583bbbca032b9ea8c9edd",
                "sha256:7b92303af381ef02fad6899fd5f5a9a96031d781356cd8e505fa54ae5ddee181"
            ],
            "version": "==4.5.0"
        },
        "markupsafe": {
            "hashes": [
                "sha256:00bc623926325b26bb9605ae9eae8a215691f33cae5df11ca5424f06f2d1f473",
                "sha256:09027a7803a62ca78792ad89403b1b7a73a01c8cb65909cd876f7fcebd79b161",
                "sha256:09c4b7f37d6c648cb13f9230d847adf22f8171b1ccc4d5682398e77f40309235",
                "sha256:1027c282dad077d0bae18be6794e6b6b8c91d58ed8a8d89a89d59693b9131db5",
                "sha256:24982cc2533820871eba85ba648cd53d8623687ff11cbb805be4ff7b4c971aff",
                "sha256:29872e92839765e546828bb7754a68c418d927cd064fd4708fab9fe9c8bb116b",
                "sha256:43a55c2930bbc139570ac2452adf3d70cdbb3cfe5912c71cdce1c2c6bbd9c5d1",
                "sha256:46c99d2de99945ec5cb54f23c8cd5689f6d7177305ebff350a58ce5f8de1669e",
                "sha256:500d4957e52ddc3351cabf489e79c91c17f6e0899158447047588650b5e69183",
                "sha256:535f6fc4d397c1563d08b88e485c3496cf5784e927af890fb3c3aac7f933ec66",
                "sha256:62fe6c95e3ec8a7fad637b7f3d372c15ec1caa01ab47926cfdf7a75b40e0eac1",
                "sha256:6dd73240d2af64df90aa7c4e7481e23825ea70af4b4922f8ede5b9e35f78a3b1",
                "sha256:717ba8fe3ae9cc0006d7c451f0bb265ee07739daf76355d06366154ee68d221e",
                "sha256:79855e1c5b8da654cf486b830bd42c06e8780cea587384cf6545b7d9ac013a0b",
                "sha256:7c1699dfe0cf8ff607dbdcc1e9b9af1755371f92a68f706051cc8c37d447c905",
                "sha256:88e5fcfb52ee7b911e8bb6d6aa2fd21fbecc674eadd44118a9cc3863f938e735",
                "sha256:8ddcf408bcd43551e9b5376c8e9dace9c4101e74018e40dddc9f044a9f16dd0c",
                "sha256:8defac2f2ccd6805ebf65f5eeb132adcf2ab57aa11fdf4c0dd5169a004710e7d",
                "sha256:98c7086708b163d425c67c7a91bad6e466bb99d797aa64f965e9d25c12111a5e",
                "sha256:9add70b36c5666a2ed02b43b335fe19002ee5235efd4b8a89bfcf9005bebac0d",
                "sha256:9bf40443012702a1d2070043cb6291650a0841ece432556f784f004937f0f32c",
                "sha256:ade5e387d2ad0d7ebf59146cc00c8044acbd863725f887353a10df825fc8ae21",
                "sha256:b00c1de48212e4cc9603895652c5c410df699856a2853135b3967591e4beebc2",
                "sha256:b1282f8c00509d99fef04d8ba936b156d419be841854fe901d8ae224c59f0be5",
                "sha256:b2051432115498d3562c084a49bba65d97cf251f5a331c64a12ee7e04dacc51b",
                "sha256:ba59edeaa2fc6114428f1637ffff42da1e311e29382d81b339c1817d37ec93c6",
                "sha256:c6962a9702e30270720c9b16cc62c4d1e1cc422d23e398968626a1b270ee2650",
                "sha256:c8716a48d94b06bb3b2524c2b77e055fb313aeb4ea620c8dd03a105574ba704f",
                "sha256:cd5df75523866410809ca100dc9681e301e3c27567cf498077e8551b6d20e42f",
                "sha256:e249096428b3ae81b08327a63a485ad0878de3fb939049038579ac0ef61e17e7"
            ],
            "version": "==1.1.1"
        },
        "numpy": {
            "hashes": [
                "sha256:0e2eed77804b2a6a88741f8fcac02c5499bba3953ec9c71e8b217fad4912c56c",
                "sha256:1c666f04553ef70fda54adf097dbae7080645435fc273e2397f26bbf1d127bbb",
                "sha256:1f46532afa7b2903bfb1b79becca2954c0a04389d19e03dc73f06b039048ac40",
                "sha256:315fa1b1dfc16ae0f03f8fd1c55f23fd15368710f641d570236f3d78af55e340",
                "sha256:3d5fcea4f5ed40c3280791d54da3ad2ecf896f4c87c877b113576b8280c59441",
                "sha256:48241759b99d60aba63b0e590332c600fc4b46ad597c9b0a53f350b871ef0634",
                "sha256:4b4f2924b36d857cf302aec369caac61e43500c17eeef0d7baacad1084c0ee84",
                "sha256:54fe3b7ed9e7eb928bbc4318f954d133851865f062fa4bbb02ef8940bc67b5d2",
                "sha256:5a8f021c70e6206c317974c93eaaf9bc2b56295b6b1cacccf88846e44a1f33fc",
                "sha256:754a6be26d938e6ca91942804eb209307b73f806a1721176278a6038869a1686",
                "sha256:771147e654e8b95eea1293174a94f34e2e77d5729ad44aefb62fbf8a79747a15",
                "sha256:78a6f89da87eeb48014ec652a65c4ffde370c036d780a995edaeb121d3625621",
                "sha256:7fde5c2a3a682a9e101e61d97696687ebdba47637611378b4127fe7e47fdf2bf",
                "sha256:80d99399c97f646e873dd8ce87c38cfdbb668956bbc39bc1e6cac4b515bba2a0",
                "sha256:88a72c1e45a0ae24d1f249a529d9f71fe82e6fa6a3fd61414b829396ec585900",
                "sha256:a4f4460877a16ac73302a9c077ca545498d9fe64e6a81398d8e1a67e4695e3df",
                "sha256:a61255a765b3ac73ee4b110b28fccfbf758c985677f526c2b4b39c48cc4b509d",
                "sha256:ab4896a8c910b9a04c0142871d8800c76c8a2e5ff44763513e1dd9d9631ce897",
                "sha256:abbd6b1c2ef6199f4b7ca9f818eb6b31f17b73a6110aadc4e4298c3f00fab24e",
                "sha256:b16d88da290334e33ea992c56492326ea3b06233a00a1855414360b77ca72f26",
                "sha256:b78a1defedb0e8f6ae1eb55fa6ac74ab42acc4569c3a2eacc2a407ee5d42ebcb",
                "sha256:cfef82c43b8b29ca436560d51b2251d5117818a8d1fb74a8384a83c096745dad",
                "sha256:d160e57731fcdec2beda807ebcabf39823c47e9409485b5a3a1db3a8c6ce763e"
            ],
            "index": "piwheels",
            "version": "==1.16.3"
        },
        "picamera": {
            "hashes": [
                "sha256:142ab2073c0d455666fd2aa99bf6b4fc8b121e5027ef6482addec2fba7d7aa15",
                "sha256:890815aa01e4d855a6a95dd3ad0953b872a6b954982106407df0c5a31a163e50"
            ],
            "index": "piwheels",
            "version": "==1.13"
        },
        "pillow": {
            "hashes": [
                "sha256:15c056bfa284c30a7f265a41ac4cbbc93bdbfc0dfe0613b9cb8a8581b51a9e55",
                "sha256:1a4e06ba4f74494ea0c58c24de2bb752818e9d504474ec95b0aa94f6b0a7e479",
                "sha256:1c3c707c76be43c9e99cb7e3d5f1bee1c8e5be8b8a2a5eeee665efbf8ddde91a",
                "sha256:1fd0b290203e3b0882d9605d807b03c0f47e3440f97824586c173eca0aadd99d",
                "sha256:24114e4a6e1870c5a24b1da8f60d0ba77a0b4027907860188ea82bd3508c80eb",
                "sha256:258d886a49b6b058cd7abb0ab4b2b85ce78669a857398e83e8b8e28b317b5abb",
                "sha256:33c79b6dd6bc7f65079ab9ca5bebffb5f5d1141c689c9c6a7855776d1b09b7e8",
                "sha256:367385fc797b2c31564c427430c7a8630db1a00bd040555dfc1d5c52e39fcd72",
                "sha256:3c1884ff078fb8bf5f63d7d86921838b82ed4a7d0c027add773c2f38b3168754",
                "sha256:44e5240e8f4f8861d748f2a58b3f04daadab5e22bfec896bf5434745f788f33f",
                "sha256:46aa988e15f3ea72dddd81afe3839437b755fffddb5e173886f11460be909dce",
                "sha256:74d90d499c9c736d52dd6d9b7221af5665b9c04f1767e35f5dd8694324bd4601",
                "sha256:809c0a2ce9032cbcd7b5313f71af4bdc5c8c771cb86eb7559afd954cab82ebb5",
                "sha256:85d1ef2cdafd5507c4221d201aaf62fc9276f8b0f71bd3933363e62a33abc734",
                "sha256:8c3889c7681af77ecfa4431cd42a2885d093ecb811e81fbe5e203abc07e0995b",
                "sha256:9218d81b9fca98d2c47d35d688a0cea0c42fd473159dfd5612dcb0483c63e40b",
                "sha256:9aa4f3827992288edd37c9df345783a69ef58bd20cc02e64b36e44bcd157bbf1",
                "sha256:9d80f44137a70b6f84c750d11019a3419f409c944526a95219bea0ac31f4dd91",
                "sha256:b7ebd36128a2fe93991293f997e44be9286503c7530ace6a55b938b20be288d8",
                "sha256:c4c78e2c71c257c136cdd43869fd3d5e34fc2162dc22e4a5406b0ebe86958239",
                "sha256:c6a842537f887be1fe115d8abb5daa9bc8cc124e455ff995830cc785624a97af",
                "sha256:cf0a2e040fdf5a6d95f4c286c6ef1df6b36c218b528c8a9158ec2452a804b9b8",
                "sha256:cfd28aad6fc61f7a5d4ee556a997dc6e5555d9381d1390c00ecaf984d57e4232",
                "sha256:dca5660e25932771460d4688ccbb515677caaf8595f3f3240ec16c117deff89a",
                "sha256:de7aedc85918c2f887886442e50f52c1b93545606317956d65f342bd81cb4fc3",
                "sha256:e6c0bbf8e277b74196e3140c35f9a1ae3eafd818f7f2d3a15819c49135d6c062"
            ],
            "index": "piwheels",
            "version": "==6.0.0"
        },
        "pyserial": {
            "hashes": [
                "sha256:6e2d401fdee0eab996cf734e67773a0143b932772ca8b42451440cfed942c627",
                "sha256:e0770fadba80c31013896c7e6ef703f72e7834965954a78e71a3049488d4d7d8"
            ],
            "index": "piwheels",
            "version": "==3.4"
        },
        "pytz": {
            "hashes": [
                "sha256:303879e36b721603cc54604edcac9d20401bdbe31e1e4fdee5b9f98d5d31dfda",
                "sha256:d747dd3d23d77ef44c6a3526e274af6efeb0a6f1afd5a69ba4d5be4098c8e141"
            ],
            "version": "==2019.1"
        },
        "requests": {
            "hashes": [
                "sha256:502a824f31acdacb3a35b6690b5fbf0bc41d63a24a45c4004352b0242707598e",
                "sha256:7bf2a778576d825600030a110f3c0e3e8edc51dfaafe1c146e39a2027784957b"
            ],
            "version": "==2.21.0"
        },
        "ruamel.yaml": {
            "hashes": [
                "sha256:0939bcb399ad037ef903d74ccf2f8a074f06683bc89133ad19305067d34487c8",
                "sha256:119cb8997d65e610de0bfd39b7f89ddfc670c43a5dbec3049b85c7457a027cac",
                "sha256:18c0043e32a5f39c60a915015c553f90b367d34ef1b89a3a1e77baa00afec2eb",
                "sha256:18c9ec539f8d5a07f5bdc15e41fe13c89d420d3136bbba53a36491c4d544345e",
                "sha256:1f1ba73e1d3f1ea74ba687800fd55c3970ea2eff360a3529cb599db41af6ae5a",
                "sha256:226f2f42770b8a50009ac0a386b158f24e642f487c981794aed59fdb5cfd232b",
                "sha256:2ac8f8cab59c1e0ae7fa952a0e62e6e1b61cd6bef25a542b2ef923e38cc5819c",
                "sha256:2b344ab595fe7ed7480b647cd6e6588580f147a62fbfe00fbf72e292f543390d",
                "sha256:34e09b287d2ef5227b7a1ebaa2daa7ef9ff662542046c25b9c65c240e0ce3f8d",
                "sha256:367e659ea250faa91a8d0a9388e5f3432f5edbbeabe68701daad7fc55a96473a",
                "sha256:4b17efa00c14ad76a8bbfe2e31803227709f5908f15a1bd7c7b7003218a9d2e3",
                "sha256:4fa15adfd665bc796bfa76b0b3157a28ecf28545bcf36a044ddb8dbb36e9c208",
                "sha256:5651db922d10f51a69f4248aaf748dbf06099a6d03e1c3ab793eea6bee827d28",
                "sha256:737ad466ac9de17f08d67b0b2d543312726b9ee8fb2172e61922642772fb3bff",
                "sha256:786efe76c1092d392f3b1620c2585b3e09bd6a15ed82262a0b003aac58389034",
                "sha256:79a1056a289576004a453069d3f716533629497f86fd816090dee0fd2b334b35",
                "sha256:88f771085e5f91f641af211fe41d5052a67d388adc43a6deb26d535e40cf1c78",
                "sha256:8bf6afc48c79597c58b0d01ce3bbf3769cb92f4c9bd4a903510afe574309ea4a",
                "sha256:e5f929b21c90cac257fd7e3d059a5a469a712408d66bb0502159c1fe41ab27ea",
                "sha256:eaa73a72adbba81f38147c5bebd34c0fed1813ce7cbaea60529b4c3db58ebff4",
                "sha256:eff4f9bfcb428900d93e084808e61a8b4faf8b2bdd8695bec629364e4a7dfe31",
                "sha256:fe64f1813251799665b15ca372b9bd1c10651fd5ceab9898caf65a3eeb6c1575"
            ],
            "version": "==0.15.94"
        },
        "six": {
            "hashes": [
                "sha256:3350809f0555b11f552448330d0b52d5f24c91a322ea4a15ef22629740f3761c",
                "sha256:d16a0141ec1a18405cd4ce8b4613101da75da0e9a7aec5bdd4fa804d0e0eba73"
            ],
            "version": "==1.12.0"
        },
        "sqlparse": {
            "hashes": [
                "sha256:40afe6b8d4b1117e7dff5504d7a8ce07d9a1b15aeeade8a2d10f130a834f8177",
                "sha256:7c3dca29c022744e95b547e867cee89f4fce4373f3549ccd8797d8eb52cdb873"
            ],
            "version": "==0.3.0"
        },
        "uritemplate": {
            "hashes": [
                "sha256:01c69f4fe8ed503b2951bef85d996a9d22434d2431584b5b107b2981ff416fbd",
                "sha256:1b9c467a940ce9fb9f50df819e8ddd14696f89b9a8cc87ac77952ba416e0a8fd",
                "sha256:c02643cebe23fc8adb5e6becffe201185bf06c40bda5c0b4028a93f1527d011d"
            ],
            "version": "==3.0.0"
        },
        "urllib3": {
            "hashes": [
                "sha256:2393a695cd12afedd0dcb26fe5d50d0cf248e5a66f75dbd89a3d4eb333a61af4",
                "sha256:a637e5fae88995b256e3409dc4d52c2e2e0ba32c42a6365fee8bbd2238de3cfb"
            ],
            "version": "==1.24.3"
        },
        "vine": {
            "hashes": [
                "sha256:72df526b66563b6e49b4072c927427fa2648040c2f11ee4e5d847b4811df73a9",
                "sha256:971dfaa5e6039bd8fb5a96b9e4f15f792c1acfdc26fd69ef8b36149812194e32"
            ],
            "version": "==5.0.0a1"
        }
    },
    "develop": {
        "appdirs": {
            "hashes": [
                "sha256:9e5896d1372858f8dd3344faf4e5014d21849c756c8d5701f78f8a103b372d92",
                "sha256:d8b24664561d0d34ddfaec54636d502d7cea6e29c3eaf68f3df6180863e2166e"
            ],
            "version": "==1.4.3"
        },
        "appnope": {
            "hashes": [
                "sha256:5b26757dc6f79a3b7dc9fab95359328d5747fcb2409d331ea66d0272b90ab2a0",
                "sha256:8b995ffe925347a2138d7ac0fe77155e4311a0ea6d6da4f5128fe4b3cbe5ed71"
            ],
            "markers": "sys_platform == 'darwin'",
            "version": "==0.1.0"
        },
        "attrs": {
            "hashes": [
                "sha256:69c0dbf2ed392de1cb5ec704444b08a5ef81680a61cb899dc08127123af36a79",
                "sha256:f0b870f674851ecbfbbbd364d6b5cbdff9dcedbc7f3f5e18a6891057f21fe399"
            ],
            "version": "==19.1.0"
        },
        "backcall": {
            "hashes": [
                "sha256:38ecd85be2c1e78f77fd91700c76e14667dc21e2713b63876c0eb901196e01e4",
                "sha256:aacb2b4e0d7bc4854a473491c66e6d54b77c4a0837bfc84faff8b64e490f897a",
                "sha256:bbbf4b1e5cd2bdb08f915895b51081c041bac22394fdfcfdfbe9f14b77c08bf2"
            ],
            "version": "==0.1.0"
        },
        "black": {
            "hashes": [
                "sha256:09a9dcb7c46ed496a9850b76e4e825d6049ecd38b611f1224857a79bd985a8cf",
                "sha256:68950ffd4d9169716bcb8719a56c07a2f4485354fec061cdd5910aa07369731c"
            ],
            "index": "piwheels",
            "version": "==19.3b0"
        },
        "cached-property": {
            "hashes": [
                "sha256:3a026f1a54135677e7da5ce819b0c690f156f37976f3e30c5430740725203d7f",
                "sha256:9217a59f14a5682da7c4b8829deadbfc194ac22e9908ccf7c8820234e80a1504"
            ],
            "version": "==1.5.1"
        },
        "cerberus": {
            "hashes": [
                "sha256:0be48fc0dc84f83202a5309c0aa17cd5393e70731a1698a50d118b762fbe6875"
            ],
            "version": "==1.3.1"
        },
        "certifi": {
            "hashes": [
                "sha256:59b7658e26ca9c7339e00f8f4636cdfe59d34fa37b9b04f6f9e9926b3cece1a5",
                "sha256:b26104d6835d1f5e49452a26eb2ff87fe7090b89dfcaee5ea2212697e1e1d7ae"
            ],
            "version": "==2019.3.9"
        },
        "chardet": {
            "hashes": [
                "sha256:84ab92ed1c4d4f16916e05906b6b75a6c0fb5db821cc65e70cbd64a3e2a5eaae",
                "sha256:fc323ffcaeaed0e0a02bf4d117757b98aed530d9ed4531e3e15460124c106691"
            ],
            "version": "==3.0.4"
        },
        "click": {
            "hashes": [
                "sha256:2335065e6395b9e67ca716de5f7526736bfa6ceead690adf616d925bdc622b13",
                "sha256:5b94b49521f6456670fdb30cd82a4eca9412788a93fa6dd6df72c94d5a8ff2d7"
            ],
            "version": "==7.0"
        },
        "colorama": {
            "hashes": [
                "sha256:05eed71e2e327246ad6b38c540c4a3117230b19679b875190486ddd2d721422d",
                "sha256:f8ac84de7840f5b9c4e3347b3c1eaa50f7e49c2b07596221daec5edaabbd7c48"
            ],
            "version": "==0.4.1"
        },
        "coverage": {
            "hashes": [
                "sha256:0402b1822d513d0231589494bceddb067d20581f5083598c451b56c684b0e5d6",
                "sha256:0644e28e8aea9d9d563607ee8b7071b07dd57a4a3de11f8684cd33c51c0d1b93",
                "sha256:0874a283686803884ec0665018881130604956dbaa344f2539c46d82cbe29eda",
                "sha256:0988c3837df4bc371189bb3425d5232cf150055452034c232dda9cbe04f9c38e",
                "sha256:20bc3205b3100956bb72293fabb97f0ed972c81fed10b3251c90c70dcb0599ab",
                "sha256:2cc9142a3367e74eb6b19d58c53ebb1dfd7336b91cdcc91a6a2888bf8c7af984",
                "sha256:3ae9a0a59b058ce0761c3bd2c2d66ecb2ee2b8ac592620184370577f7a546fb3",
                "sha256:3b2e30b835df58cb973f478d09f3d82e90c98c8e5059acc245a8e4607e023801",
                "sha256:401e9b04894eb1498c639c6623ee78a646990ce5f095248e2440968aafd6e90e",
                "sha256:41ec5812d5decdaa72708be3018e7443e90def4b5a71294236a4df192cf9eab9",
                "sha256:475769b638a055e75b3d3219e054fe2a023c0b077ff15bff6c95aba7e93e6cac",
                "sha256:61424f4e2e82c4129a4ba71e10ebacb32a9ecd6f80de2cd05bdead6ba75ed736",
                "sha256:811969904d4dd0bee7d958898be8d9d75cef672d9b7e7db819dfeac3d20d2d0c",
                "sha256:86224bb99abfd672bf2f9fcecad5e8d7a3fa94f7f71513f2210460a0350307cd",
                "sha256:9a238a20a3af00665f8381f7e53e9c606f9bb652d2423f6b822f6cb790d887e8",
                "sha256:a23b3fbc14d4e6182ecebfd22f3729beef0636d151d94764a1c28330d185e4e5",
                "sha256:ac162b4ebe51b7a2b7f5e462c4402802633eb81e77c94f8a7c1ed8a556e72c75",
                "sha256:b6187378726c84365bf297b5dcdae8789b6a5823b200bea23797777e5a63be09",
                "sha256:bcd5723d905ed4a825f17410a53535f880b6d7548ae3d89078db7b1ceefcd853",
                "sha256:c48a4f9c5fb385269bb7fbaf9c1326a94863b65ec7f5c96b2ea56b252f01ad08",
                "sha256:cd40199d6f1c29c85b170d25589be9a97edff8ee7e62be180a2a137823896030",
                "sha256:d1bc331a7d069485ac1d8c25a0ea1f6aab6cb2a87146fb652222481c1bddc9ff",
                "sha256:d7e0cdc249aa0f94aa2e531b03999ddaf03a10b4fa090a894712d4c8066abd89",
                "sha256:e9ee8fcd8e067fcc5d7276d46e07e863102b70a52545ef4254df1ff0893ce75f",
                "sha256:eb313c23d983b7810504f42104e8dcd1c7ccdda8fbaab82aab92ab79fea19345",
                "sha256:f9cfd478654b509941b85ed70f870f5e3c74678f566bec12fd26545e5340ba47",
                "sha256:fae1fa144034d021a52cb9ea200eb8dedf91869c6df8202ad5d149b41ed91cc8"
            ],
            "index": "piwheels",
            "version": "==5.0a5"
        },
        "decorator": {
            "hashes": [
                "sha256:86156361c50488b84a3f148056ea716ca587df2f0de1d34750d35c21312725de",
                "sha256:f069f3a01830ca754ba5258fde2278454a0b5b79e0d7f5c13b3b97e57d4acff6"
            ],
            "version": "==4.4.0"
        },
        "distlib": {
            "hashes": [
                "sha256:ecb3d0e4f71d0fa7f38db6bcc276c7c9a1c6638a516d726495934a553eb3fbe0"
            ],
            "version": "==0.2.9.post0"
        },
        "docopt": {
            "hashes": [
                "sha256:0340515c74203895f92f87702896e45424bf51dc71bf15b4748450f50be04346",
                "sha256:49b3a825280bd66b3aa83585ef59c4a8c82f2c8a522dbe754a8bc8d08c85c491"
            ],
            "version": "==0.6.2"
        },
        "entrypoints": {
            "hashes": [
                "sha256:589f874b313739ad35be6e0cd7efde2a4e9b6fea91edcc34e58ecbb8dbe56d19",
                "sha256:c70dd71abe5a8c85e55e12c19bd91ccfeec11a6e99044204511f9ed547d48451"
            ],
            "version": "==0.3"
        },
        "first": {
            "hashes": [
                "sha256:8d8e46e115ea8ac652c76123c0865e3ff18372aef6f03c22809ceefcea9dec86",
                "sha256:ff285b08c55f8c97ce4ea7012743af2495c9f1291785f163722bd36f6af6d3bf"
            ],
            "version": "==2.0.2"
        },
        "flake8": {
            "hashes": [
                "sha256:859996073f341f2670741b51ec1e67a01da142831aa1fdc6242dbf88dffbe661",
                "sha256:a796a115208f5c03b18f332f7c11729812c8c3ded6c46319c59b53efd3819da8"
            ],
            "index": "piwheels",
            "version": "==3.7.7"
        },
        "flake8-django": {
            "hashes": [
                "sha256:b824f72fb67a403c752c427920a929f7f1c870411d55e1dee0cae305045e7c40"
            ],
            "index": "piwheels",
            "version": "==0.1"
        },
        "flake8-isort": {
            "hashes": [
                "sha256:1e67b6b90a9b980ac3ff73782087752d406ce0a729ed928b92797f9fa188917e",
                "sha256:81a8495eefed3f2f63f26cd2d766c7b1191e923a15b9106e6233724056572c68"
            ],
            "index": "piwheels",
            "version": "==2.7.0"
        },
        "idna": {
            "hashes": [
                "sha256:c357b3f628cf53ae2c4c05627ecc484553142ca23264e593d327bcde5e9c3407",
                "sha256:ea8b7f6188e6fa117537c3df7da9fc686d485087abf6ac197f9c46432f7e4a3c"
            ],
            "version": "==2.8"
        },
        "ipython": {
            "hashes": [
                "sha256:54c5a8aa1eadd269ac210b96923688ccf01ebb2d0f21c18c3c717909583579a8",
                "sha256:e840810029224b56cd0d9e7719dc3b39cf84d577f8ac686547c8ba7a06eeab26"
            ],
            "index": "piwheels",
            "version": "==7.5.0"
        },
        "ipython-genutils": {
            "hashes": [
                "sha256:72dd37233799e619666c9f639a9da83c34013a73e8bbc79a7a6348d93c61fab8",
                "sha256:eb2e116e75ecef9d4d228fdc66af54269afa26ab4463042e33785b887c628ba8"
            ],
            "version": "==0.2.0"
        },
        "isort": {
            "extras": [
                "pipfile"
            ],
            "hashes": [
                "sha256:c40744b6bc5162bbb39c1257fe298b7a393861d50978b565f3ccd9cb9de0182a",
                "sha256:f57abacd059dc3bd666258d1efb0377510a89777fda3e3274e3c01f7c03ae22d"
            ],
            "index": "piwheels",
            "version": "==4.3.20"
        },
        "jedi": {
            "hashes": [
                "sha256:2bb0603e3506f708e792c7f4ad8fc2a7a9d9c2d292a358fbbd58da531695595b",
                "sha256:2c6bcd9545c7d6440951b12b44d373479bf18123a401a52025cf98563fbd826c"
            ],
            "version": "==0.13.3"
        },
        "mccabe": {
            "hashes": [
                "sha256:ab8a6258860da4b6677da4bd2fe5dc2c659cff31b3ee4f7f5d64e79735b80d42",
                "sha256:dd8d182285a0fe56bace7f45b5e7d1a6ebcbf524e8f3bd87eb0f125271b8831f"
            ],
            "version": "==0.6.1"
        },
        "orderedmultidict": {
            "hashes": [
                "sha256:24e3b730cf84e4a6a68be5cc760864905cf66abc89851e724bd5b4e849eaa96b",
                "sha256:3a085f055284b63b0dcbf5cfaf98589f43be0cd4ddeaf4dcfab641fdb9f03fc4",
                "sha256:b89895ba6438038d0bdf88020ceff876cf3eae0d5c66a69b526fab31125db2c5"
            ],
            "version": "==1.0"
        },
        "packaging": {
            "hashes": [
                "sha256:0c98a5d0be38ed775798ece1b9727178c4469d9c3b4ada66e8e6b7849f8732af",
                "sha256:9e1cbf8c12b1f1ce0bb5344b8d7ecf66a6f8a6e91bcb0c84593ed6d3ab5c4ab3"
            ],
            "version": "==19.0"
        },
        "parso": {
            "hashes": [
                "sha256:17cc2d7a945eb42c3569d4564cdf49bde221bc2b552af3eca9c1aad517dcdd33",
                "sha256:2e9574cb12e7112a87253e14e2c380ce312060269d04bd018478a3c92ea9a376"
            ],
            "version": "==0.4.0"
        },
        "pep517": {
            "hashes": [
                "sha256:43a7aa3902efd305a605c1028e4045968cd012831233ecab633a31d3ba4860a5",
                "sha256:cb5ca55450b64e80744cd5c32f7d5b8928004042dfea50fdc3f96ad7f27cba96"
            ],
            "version": "==0.5.0"
        },
        "pexpect": {
            "hashes": [
                "sha256:2094eefdfcf37a1fdbfb9aa090862c1a4878e5c7e0e7e7088bdb511c558e5cd1",
                "sha256:9e2c1fd0e6ee3a49b28f95d4b33bc389c89b20af6a1255906e90ff1262ce62eb"
            ],
            "markers": "sys_platform != 'win32'",
            "version": "==4.7.0"
        },
        "pickleshare": {
            "hashes": [
                "sha256:87683d47965c1da65cdacaf31c8441d12b8044cdec9aca500cd78fc2c683afca",
                "sha256:9649af414d74d4df115d5d718f82acb59c9d418196b7b4290ed47a12ce62df56"
            ],
            "version": "==0.7.5"
        },
        "pip-shims": {
            "hashes": [
                "sha256:3bc24ec050a6b9eea35419467237e4f47eaf806dadc9999bf887355c377edea7",
                "sha256:edb4cf3c509eab2f36b55c1ac1a59a4c485ccd537cc87934d74950880f641256"
            ],
            "version": "==0.3.2"
        },
        "pipreqs": {
            "hashes": [
                "sha256:2dfa21631cb68a97515e222d6f0033b5bfb75823567ca2195d528efb18c97990",
                "sha256:cec6eecc4685967b27eb386037565a737d036045f525b9eb314631a68d60e4bc"
            ],
            "version": "==0.4.9"
        },
        "plette": {
            "extras": [
                "validation"
            ],
            "hashes": [
                "sha256:c0e3553c1e581d8423daccbd825789c6e7f29b7d9e00e5331b12e1642a1a26d3",
                "sha256:dde5d525cf5f0cbad4d938c83b93db17887918daf63c13eafed257c4f61b07b4"
            ],
            "version": "==0.2.2"
        },
        "prompt-toolkit": {
            "hashes": [
                "sha256:11adf3389a996a6d45cc277580d0d53e8a5afd281d0c9ec71b28e6f121463780",
                "sha256:2519ad1d8038fd5fc8e770362237ad0364d16a7650fb5724af6997ed5515e3c1",
                "sha256:977c6583ae813a37dc1c2e1b715892461fcbdaa57f6fc62f33a528c4886c8f55"
            ],
            "version": "==2.0.9"
        },
        "ptyprocess": {
            "hashes": [
                "sha256:923f299cc5ad920c68f2bc0bc98b75b9f838b93b599941a6b63ddbc2476394c0",
                "sha256:d7cc528d76e76342423ca640335bd3633420dc1366f258cb31d05e865ef5ca1f"
            ],
            "version": "==0.6.0"
        },
        "pycodestyle": {
            "hashes": [
                "sha256:95a2219d12372f05704562a14ec30bc76b05a5b297b21a5dfe3f6fac3491ae56",
                "sha256:e40a936c9a450ad81df37f549d676d127b1b66000a6c500caa2b085bc0ca976c"
            ],
            "version": "==2.5.0"
        },
        "pyflakes": {
            "hashes": [
                "sha256:17dbeb2e3f4d772725c777fabc446d5634d1038f234e77343108ce445ea69ce0",
                "sha256:d976835886f8c5b31d47970ed689944a0262b5f3afa00a5a7b4dc81e5449f8a2"
            ],
            "version": "==2.1.1"
        },
        "pygments": {
            "hashes": [
                "sha256:31cba6ffb739f099a85e243eff8cb717089fdd3c7300767d9fc34cb8e1b065f5",
                "sha256:5ad302949b3c98dd73f8d9fcdc7e9cb592f120e32a18e23efd7f3dc51194472b"
            ],
            "version": "==2.4.0"
        },
        "pyparsing": {
            "hashes": [
                "sha256:1873c03321fc118f4e9746baf201ff990ceb915f433f23b395f5580d1840cb2a",
                "sha256:9b6323ef4ab914af344ba97510e966d64ba91055d6b9afa6b30799340e89cc03"
            ],
            "version": "==2.4.0"
        },
        "pytoml": {
            "hashes": [
                "sha256:84a33c7850929926af2b5bc99c19fbc8a0262de3935c1aefefed6fc0f20579dc",
                "sha256:ca2d0cb127c938b8b76a9a0d0f855cf930c1d50cc3a0af6d3595b566519a1013"
            ],
            "version": "==0.1.20"
        },
        "requests": {
            "hashes": [
                "sha256:502a824f31acdacb3a35b6690b5fbf0bc41d63a24a45c4004352b0242707598e",
                "sha256:7bf2a778576d825600030a110f3c0e3e8edc51dfaafe1c146e39a2027784957b"
            ],
            "version": "==2.21.0"
        },
        "requirementslib": {
            "hashes": [
                "sha256:a5bcff2861eea9358e90d6a4234f0bf4ad0ba730f86a4ea4680f53365b7b4735",
                "sha256:ae0c2fce1b33c9c7b171895ab11472bd7be9c45f6214aad97ceaf83511d78d93"
            ],
            "version": "==1.5.0"
        },
        "six": {
            "hashes": [
                "sha256:3350809f0555b11f552448330d0b52d5f24c91a322ea4a15ef22629740f3761c",
                "sha256:d16a0141ec1a18405cd4ce8b4613101da75da0e9a7aec5bdd4fa804d0e0eba73"
            ],
            "version": "==1.12.0"
        },
        "testfixtures": {
            "hashes": [
                "sha256:819e9090bf3cce5dfaf56817f55ede76b3ae490ad0e9ffe3060a6618d11894c3",
                "sha256:a6e95634a80bd6e5adc7e861729f4abd84433e91b4215d48a2098a096c0261b7"
            ],
            "version": "==6.8.2"
        },
        "toml": {
            "hashes": [
                "sha256:229f81c57791a41d65e399fc06bf0848bab550a9dfd5ed66df18ce5f05e73d5c",
                "sha256:235682dd292d5899d361a811df37e04a8828a5b1da3115886b73cf81ebc9100e"
            ],
            "version": "==0.10.0"
        },
        "tomlkit": {
            "hashes": [
                "sha256:d6506342615d051bc961f70bfcfa3d29b6616cc08a3ddfd4bc24196f16fd4ec2",
                "sha256:f077456d35303e7908cc233b340f71e0bec96f63429997f38ca9272b7d64029e"
            ],
            "version": "==0.5.3"
        },
        "traitlets": {
            "hashes": [
                "sha256:9c4bd2d267b7153df9152698efb1050a5d84982d3384a37b2c1f7723ba3e7835",
                "sha256:c6cb5e6f57c5a9bdaa40fa71ce7b4af30298fbab9ece9815b5d995ab6217c7d9"
            ],
            "version": "==4.3.2"
        },
        "urllib3": {
            "hashes": [
                "sha256:2393a695cd12afedd0dcb26fe5d50d0cf248e5a66f75dbd89a3d4eb333a61af4",
                "sha256:a637e5fae88995b256e3409dc4d52c2e2e0ba32c42a6365fee8bbd2238de3cfb"
            ],
            "version": "==1.24.3"
        },
        "vistir": {
            "hashes": [
                "sha256:00af96b75157b299616f47657ed34368e92e01d039100368c9dcd94897e3c109",
                "sha256:bbe040ce656f1de9b5f75c953abe49af4d1ba6fdf8f1f4b8db3e63cfd2dad24a"
            ],
            "version": "==0.4.1"
        },
        "wcwidth": {
            "hashes": [
                "sha256:3df37372226d6e63e1b1e1eda15c594bca98a22d33a23832a90998faa96bc65e",
                "sha256:f4ebe71925af7b40a864553f761ed559b43544f8f71746c2d756c7fe788ade7c"
            ],
            "version": "==0.1.7"
        },
        "wheel": {
            "hashes": [
                "sha256:5e79117472686ac0c4aef5bad5172ea73a1c2d1646b808c35926bd26bdfb0c08",
                "sha256:62fcfa03d45b5b722539ccbc07b190e4bfff4bb9e3a4d470dd9f6a0981002565"
            ],
            "version": "==0.33.4"
        },
        "yarg": {
            "hashes": [
                "sha256:4f9cebdc00fac946c9bf2783d634e538a71c7d280a4d806d45fd4dc0ef441492",
                "sha256:55695bf4d1e3e7f756496c36a69ba32c40d18f821e38f61d028f6049e5e15911"
            ],
            "version": "==0.1.9"
        }
    }
}
